
Microsoft Visual Studio Solution File, Format Version 12.00
# Visual Studio Version 17
VisualStudioVersion = 17.3.32819.101
MinimumVisualStudioVersion = 10.0.40219.1
Project("{FAE04EC0-301F-11D3-BF4B-00C04F79EFBC}") = "FormulaEvaluator", "FormulaEvaluator\FormulaEvaluator.csproj", "{1CD6AF8A-A000-49B1-9AD5-206587C645F3}"
EndProject
Global
	GlobalSection(SolutionConfigurationPlatforms) = preSolution
		Debug|Any CPU = Debug|Any CPU
		Release|Any CPU = Release|Any CPU
	EndGlobalSection
	GlobalSection(ProjectConfigurationPlatforms) = postSolution
		{1CD6AF8A-A000-49B1-9AD5-206587C645F3}.Debug|Any CPU.ActiveCfg = Debug|Any CPU
		{1CD6AF8A-A000-49B1-9AD5-206587C645F3}.Debug|Any CPU.Build.0 = Debug|Any CPU
		{1CD6AF8A-A000-49B1-9AD5-206587C645F3}.Release|Any CPU.ActiveCfg = Release|Any CPU
		{1CD6AF8A-A000-49B1-9AD5-206587C645F3}.Release|Any CPU.Build.0 = Release|Any CPU
	EndGlobalSection
	GlobalSection(SolutionProperties) = preSolution
		HideSolutionNode = FALSE
	EndGlobalSection
	GlobalSection(ExtensibilityGlobals) = postSolution
		SolutionGuid = {70279E65-7CDD-4634-BDFC-899401CBEE5D}
	EndGlobalSection
EndGlobal
