
Microsoft Visual Studio Solution File, Format Version 12.00
# Visual Studio Version 17
VisualStudioVersion = 17.3.32819.101
MinimumVisualStudioVersion = 10.0.40219.1
Project("{9A19103F-16F7-4668-BE54-9A1E7A4F7556}") = "FormulaEvaluator", "FormulaEvaluator\FormulaEvaluator.csproj", "{BD22DFBE-F969-499B-9EAE-19701F2F5909}"
EndProject
Project("{9A19103F-16F7-4668-BE54-9A1E7A4F7556}") = "DependencyGraph", "DependencyGraph\DependencyGraph.csproj", "{7D763B5E-6A65-404B-A121-A7847B84FA49}"
EndProject
Project("{9A19103F-16F7-4668-BE54-9A1E7A4F7556}") = "DependencyGraphTests", "DependencyGraphTests\DependencyGraphTests.csproj", "{642EEC70-E3C1-4060-9A59-FC202E67A5D4}"
EndProject
Project("{9A19103F-16F7-4668-BE54-9A1E7A4F7556}") = "Formula", "Formula\Formula.csproj", "{3DD08DA3-336F-462E-8112-28247E8ED5E3}"
EndProject
Project("{9A19103F-16F7-4668-BE54-9A1E7A4F7556}") = "FormulaTests", "FormulaTests\FormulaTests.csproj", "{6A1F7F3B-C235-4A69-BF28-C2F54BA2E6E8}"
EndProject
Project("{9A19103F-16F7-4668-BE54-9A1E7A4F7556}") = "Spreadsheet", "Spreadsheet\Spreadsheet.csproj", "{9400E486-5522-4C55-94C8-85261179C21B}"
EndProject
Project("{FAE04EC0-301F-11D3-BF4B-00C04F79EFBC}") = "SpreadsheetTests", "SpreadsheetTests\SpreadsheetTests.csproj", "{56B6357C-AD56-468D-9C34-B2947C90263E}"
EndProject
Global
	GlobalSection(SolutionConfigurationPlatforms) = preSolution
		Debug|Any CPU = Debug|Any CPU
		Release|Any CPU = Release|Any CPU
	EndGlobalSection
	GlobalSection(ProjectConfigurationPlatforms) = postSolution
		{BD22DFBE-F969-499B-9EAE-19701F2F5909}.Debug|Any CPU.ActiveCfg = Debug|Any CPU
		{BD22DFBE-F969-499B-9EAE-19701F2F5909}.Debug|Any CPU.Build.0 = Debug|Any CPU
		{BD22DFBE-F969-499B-9EAE-19701F2F5909}.Release|Any CPU.ActiveCfg = Release|Any CPU
		{BD22DFBE-F969-499B-9EAE-19701F2F5909}.Release|Any CPU.Build.0 = Release|Any CPU
		{7D763B5E-6A65-404B-A121-A7847B84FA49}.Debug|Any CPU.ActiveCfg = Debug|Any CPU
		{7D763B5E-6A65-404B-A121-A7847B84FA49}.Debug|Any CPU.Build.0 = Debug|Any CPU
		{7D763B5E-6A65-404B-A121-A7847B84FA49}.Release|Any CPU.ActiveCfg = Release|Any CPU
		{7D763B5E-6A65-404B-A121-A7847B84FA49}.Release|Any CPU.Build.0 = Release|Any CPU
		{642EEC70-E3C1-4060-9A59-FC202E67A5D4}.Debug|Any CPU.ActiveCfg = Debug|Any CPU
		{642EEC70-E3C1-4060-9A59-FC202E67A5D4}.Debug|Any CPU.Build.0 = Debug|Any CPU
		{642EEC70-E3C1-4060-9A59-FC202E67A5D4}.Release|Any CPU.ActiveCfg = Release|Any CPU
		{642EEC70-E3C1-4060-9A59-FC202E67A5D4}.Release|Any CPU.Build.0 = Release|Any CPU
		{3DD08DA3-336F-462E-8112-28247E8ED5E3}.Debug|Any CPU.ActiveCfg = Debug|Any CPU
		{3DD08DA3-336F-462E-8112-28247E8ED5E3}.Debug|Any CPU.Build.0 = Debug|Any CPU
		{3DD08DA3-336F-462E-8112-28247E8ED5E3}.Release|Any CPU.ActiveCfg = Release|Any CPU
		{3DD08DA3-336F-462E-8112-28247E8ED5E3}.Release|Any CPU.Build.0 = Release|Any CPU
		{6A1F7F3B-C235-4A69-BF28-C2F54BA2E6E8}.Debug|Any CPU.ActiveCfg = Debug|Any CPU
		{6A1F7F3B-C235-4A69-BF28-C2F54BA2E6E8}.Debug|Any CPU.Build.0 = Debug|Any CPU
		{6A1F7F3B-C235-4A69-BF28-C2F54BA2E6E8}.Release|Any CPU.ActiveCfg = Release|Any CPU
		{6A1F7F3B-C235-4A69-BF28-C2F54BA2E6E8}.Release|Any CPU.Build.0 = Release|Any CPU
		{9400E486-5522-4C55-94C8-85261179C21B}.Debug|Any CPU.ActiveCfg = Debug|Any CPU
		{9400E486-5522-4C55-94C8-85261179C21B}.Debug|Any CPU.Build.0 = Debug|Any CPU
		{9400E486-5522-4C55-94C8-85261179C21B}.Release|Any CPU.ActiveCfg = Release|Any CPU
		{9400E486-5522-4C55-94C8-85261179C21B}.Release|Any CPU.Build.0 = Release|Any CPU
		{56B6357C-AD56-468D-9C34-B2947C90263E}.Debug|Any CPU.ActiveCfg = Debug|Any CPU
		{56B6357C-AD56-468D-9C34-B2947C90263E}.Debug|Any CPU.Build.0 = Debug|Any CPU
		{56B6357C-AD56-468D-9C34-B2947C90263E}.Release|Any CPU.ActiveCfg = Release|Any CPU
		{56B6357C-AD56-468D-9C34-B2947C90263E}.Release|Any CPU.Build.0 = Release|Any CPU
	EndGlobalSection
	GlobalSection(SolutionProperties) = preSolution
		HideSolutionNode = FALSE
	EndGlobalSection
	GlobalSection(ExtensibilityGlobals) = postSolution
		SolutionGuid = {5D5234C8-6498-4F9F-A7B4-901A6B09BD32}
	EndGlobalSection
EndGlobal
